
Microsoft Visual Studio Solution File, Format Version 12.00
# Visual Studio Version 17
VisualStudioVersion = 17.9.34701.34
MinimumVisualStudioVersion = 10.0.40219.1
Project("{FAE04EC0-301F-11D3-BF4B-00C04F79EFBC}") = "TestAPPBackend", "TestAPPBackend.csproj", "{9C0114E5-387E-4C1C-A3F7-FF74AEFC67A5}"
EndProject
Global
	GlobalSection(SolutionConfigurationPlatforms) = preSolution
		Debug|Any CPU = Debug|Any CPU
		Release|Any CPU = Release|Any CPU
	EndGlobalSection
	GlobalSection(ProjectConfigurationPlatforms) = postSolution
		{9C0114E5-387E-4C1C-A3F7-FF74AEFC67A5}.Debug|Any CPU.ActiveCfg = Debug|Any CPU
		{9C0114E5-387E-4C1C-A3F7-FF74AEFC67A5}.Debug|Any CPU.Build.0 = Debug|Any CPU
		{9C0114E5-387E-4C1C-A3F7-FF74AEFC67A5}.Release|Any CPU.ActiveCfg = Release|Any CPU
		{9C0114E5-387E-4C1C-A3F7-FF74AEFC67A5}.Release|Any CPU.Build.0 = Release|Any CPU
	EndGlobalSection
	GlobalSection(SolutionProperties) = preSolution
		HideSolutionNode = FALSE
	EndGlobalSection
	GlobalSection(ExtensibilityGlobals) = postSolution
		SolutionGuid = {C8FE7C26-D9A9-4786-A270-869CAF90DD5F}
	EndGlobalSection
EndGlobal
